
Microsoft Visual Studio Solution File, Format Version 12.00
# Visual Studio Version 17
VisualStudioVersion = 17.3.32929.385
MinimumVisualStudioVersion = 10.0.40219.1
Project("{FAE04EC0-301F-11D3-BF4B-00C04F79EFBC}") = "FountainOfObjects", "FountainOfObjects.csproj", "{94EC23DD-1051-445C-B6B1-E18461ACD786}"
EndProject
Global
	GlobalSection(SolutionConfigurationPlatforms) = preSolution
		Debug|Any CPU = Debug|Any CPU
		Release|Any CPU = Release|Any CPU
	EndGlobalSection
	GlobalSection(ProjectConfigurationPlatforms) = postSolution
		{94EC23DD-1051-445C-B6B1-E18461ACD786}.Debug|Any CPU.ActiveCfg = Debug|Any CPU
		{94EC23DD-1051-445C-B6B1-E18461ACD786}.Debug|Any CPU.Build.0 = Debug|Any CPU
		{94EC23DD-1051-445C-B6B1-E18461ACD786}.Release|Any CPU.ActiveCfg = Release|Any CPU
		{94EC23DD-1051-445C-B6B1-E18461ACD786}.Release|Any CPU.Build.0 = Release|Any CPU
	EndGlobalSection
	GlobalSection(SolutionProperties) = preSolution
		HideSolutionNode = FALSE
	EndGlobalSection
	GlobalSection(ExtensibilityGlobals) = postSolution
		SolutionGuid = {EBF84E8A-31EE-44FB-9CBC-28706CF92DFE}
	EndGlobalSection
EndGlobal
